
Microsoft Visual Studio Solution File, Format Version 12.00
# Visual Studio Version 16
VisualStudioVersion = 16.0.30804.86
MinimumVisualStudioVersion = 10.0.40219.1
Project("{9A19103F-16F7-4668-BE54-9A1E7A4F7556}") = "TravelersScreenSaver", "TravelersScreenSaver\TravelersScreenSaver.csproj", "{97A0C0FE-1AE4-4740-95E8-39B5401CA26D}"
EndProject
Project("{FAE04EC0-301F-11D3-BF4B-00C04F79EFBC}") = "AssetGenerator", "AssetGenerator\AssetGenerator.csproj", "{5638A84B-0383-4092-8B4D-565099ECFE50}"
EndProject
Global
	GlobalSection(SolutionConfigurationPlatforms) = preSolution
		Debug|Any CPU = Debug|Any CPU
		Release|Any CPU = Release|Any CPU
	EndGlobalSection
	GlobalSection(ProjectConfigurationPlatforms) = postSolution
		{97A0C0FE-1AE4-4740-95E8-39B5401CA26D}.Debug|Any CPU.ActiveCfg = Debug|Any CPU
		{97A0C0FE-1AE4-4740-95E8-39B5401CA26D}.Debug|Any CPU.Build.0 = Debug|Any CPU
		{97A0C0FE-1AE4-4740-95E8-39B5401CA26D}.Release|Any CPU.ActiveCfg = Release|Any CPU
		{97A0C0FE-1AE4-4740-95E8-39B5401CA26D}.Release|Any CPU.Build.0 = Release|Any CPU
		{5638A84B-0383-4092-8B4D-565099ECFE50}.Debug|Any CPU.ActiveCfg = Debug|Any CPU
		{5638A84B-0383-4092-8B4D-565099ECFE50}.Debug|Any CPU.Build.0 = Debug|Any CPU
		{5638A84B-0383-4092-8B4D-565099ECFE50}.Release|Any CPU.ActiveCfg = Release|Any CPU
		{5638A84B-0383-4092-8B4D-565099ECFE50}.Release|Any CPU.Build.0 = Release|Any CPU
	EndGlobalSection
	GlobalSection(SolutionProperties) = preSolution
		HideSolutionNode = FALSE
	EndGlobalSection
	GlobalSection(ExtensibilityGlobals) = postSolution
		SolutionGuid = {A75BC92B-B2C9-495E-87A8-FB5F77518240}
	EndGlobalSection
EndGlobal
